
Microsoft Visual Studio Solution File, Format Version 12.00
# Visual Studio Version 16
VisualStudioVersion = 16.0.28803.202
MinimumVisualStudioVersion = 10.0.40219.1
Project("{9A19103F-16F7-4668-BE54-9A1E7A4F7556}") = "GeneticAlgorithms", "GeneticAlgorithms\GeneticAlgorithms.csproj", "{31336189-65CC-41C3-B7E4-22C599F0D126}"
EndProject
Project("{9A19103F-16F7-4668-BE54-9A1E7A4F7556}") = "NeuralNetworks", "NeuralNetworks\NeuralNetworks.csproj", "{B1F97398-52AC-4461-8DC2-F201C6551057}"
EndProject
Project("{9A19103F-16F7-4668-BE54-9A1E7A4F7556}") = "Random", "Random\Random.csproj", "{41099F11-1531-46D2-BF66-8EF920CA7618}"
EndProject
Project("{9A19103F-16F7-4668-BE54-9A1E7A4F7556}") = "TrainerAPI", "TrainerAPI\TrainerAPI.csproj", "{93A66C81-8A6F-4252-8908-08FABB57D27F}"
EndProject
Project("{FAE04EC0-301F-11D3-BF4B-00C04F79EFBC}") = "StorageEngine", "StorageEngine\StorageEngine.csproj", "{A1B2D0AC-FED6-41C2-87EA-AA44B9EB2C32}"
EndProject
Project("{FAE04EC0-301F-11D3-BF4B-00C04F79EFBC}") = "Common", "Common\Common.csproj", "{9F6A81F1-6E07-48FD-9E05-15116FADF5EE}"
EndProject
Global
	GlobalSection(SolutionConfigurationPlatforms) = preSolution
		Debug|Any CPU = Debug|Any CPU
		Release|Any CPU = Release|Any CPU
	EndGlobalSection
	GlobalSection(ProjectConfigurationPlatforms) = postSolution
		{31336189-65CC-41C3-B7E4-22C599F0D126}.Debug|Any CPU.ActiveCfg = Debug|Any CPU
		{31336189-65CC-41C3-B7E4-22C599F0D126}.Debug|Any CPU.Build.0 = Debug|Any CPU
		{31336189-65CC-41C3-B7E4-22C599F0D126}.Release|Any CPU.ActiveCfg = Release|Any CPU
		{31336189-65CC-41C3-B7E4-22C599F0D126}.Release|Any CPU.Build.0 = Release|Any CPU
		{B1F97398-52AC-4461-8DC2-F201C6551057}.Debug|Any CPU.ActiveCfg = Debug|Any CPU
		{B1F97398-52AC-4461-8DC2-F201C6551057}.Debug|Any CPU.Build.0 = Debug|Any CPU
		{B1F97398-52AC-4461-8DC2-F201C6551057}.Release|Any CPU.ActiveCfg = Release|Any CPU
		{B1F97398-52AC-4461-8DC2-F201C6551057}.Release|Any CPU.Build.0 = Release|Any CPU
		{41099F11-1531-46D2-BF66-8EF920CA7618}.Debug|Any CPU.ActiveCfg = Debug|Any CPU
		{41099F11-1531-46D2-BF66-8EF920CA7618}.Debug|Any CPU.Build.0 = Debug|Any CPU
		{41099F11-1531-46D2-BF66-8EF920CA7618}.Release|Any CPU.ActiveCfg = Release|Any CPU
		{41099F11-1531-46D2-BF66-8EF920CA7618}.Release|Any CPU.Build.0 = Release|Any CPU
		{93A66C81-8A6F-4252-8908-08FABB57D27F}.Debug|Any CPU.ActiveCfg = Debug|Any CPU
		{93A66C81-8A6F-4252-8908-08FABB57D27F}.Debug|Any CPU.Build.0 = Debug|Any CPU
		{93A66C81-8A6F-4252-8908-08FABB57D27F}.Release|Any CPU.ActiveCfg = Release|Any CPU
		{93A66C81-8A6F-4252-8908-08FABB57D27F}.Release|Any CPU.Build.0 = Release|Any CPU
		{A1B2D0AC-FED6-41C2-87EA-AA44B9EB2C32}.Debug|Any CPU.ActiveCfg = Debug|Any CPU
		{A1B2D0AC-FED6-41C2-87EA-AA44B9EB2C32}.Debug|Any CPU.Build.0 = Debug|Any CPU
		{A1B2D0AC-FED6-41C2-87EA-AA44B9EB2C32}.Release|Any CPU.ActiveCfg = Release|Any CPU
		{A1B2D0AC-FED6-41C2-87EA-AA44B9EB2C32}.Release|Any CPU.Build.0 = Release|Any CPU
		{9F6A81F1-6E07-48FD-9E05-15116FADF5EE}.Debug|Any CPU.ActiveCfg = Debug|Any CPU
		{9F6A81F1-6E07-48FD-9E05-15116FADF5EE}.Debug|Any CPU.Build.0 = Debug|Any CPU
		{9F6A81F1-6E07-48FD-9E05-15116FADF5EE}.Release|Any CPU.ActiveCfg = Release|Any CPU
		{9F6A81F1-6E07-48FD-9E05-15116FADF5EE}.Release|Any CPU.Build.0 = Release|Any CPU
	EndGlobalSection
	GlobalSection(SolutionProperties) = preSolution
		HideSolutionNode = FALSE
	EndGlobalSection
	GlobalSection(ExtensibilityGlobals) = postSolution
		SolutionGuid = {045078FC-3FBE-47A1-94CF-EBE84662E35F}
	EndGlobalSection
EndGlobal
